
Microsoft Visual Studio Solution File, Format Version 12.00
# Visual Studio Version 17
VisualStudioVersion = 17.0.32112.339
MinimumVisualStudioVersion = 10.0.40219.1
Project("{FAE04EC0-301F-11D3-BF4B-00C04F79EFBC}") = "WSVenta", "WSVenta\WSVenta.csproj", "{FD4D7163-BE9F-4B8F-8755-1FC2FF194FD8}"
EndProject
Global
	GlobalSection(SolutionConfigurationPlatforms) = preSolution
		Debug|Any CPU = Debug|Any CPU
		Release|Any CPU = Release|Any CPU
	EndGlobalSection
	GlobalSection(ProjectConfigurationPlatforms) = postSolution
		{FD4D7163-BE9F-4B8F-8755-1FC2FF194FD8}.Debug|Any CPU.ActiveCfg = Debug|Any CPU
		{FD4D7163-BE9F-4B8F-8755-1FC2FF194FD8}.Debug|Any CPU.Build.0 = Debug|Any CPU
		{FD4D7163-BE9F-4B8F-8755-1FC2FF194FD8}.Release|Any CPU.ActiveCfg = Release|Any CPU
		{FD4D7163-BE9F-4B8F-8755-1FC2FF194FD8}.Release|Any CPU.Build.0 = Release|Any CPU
	EndGlobalSection
	GlobalSection(SolutionProperties) = preSolution
		HideSolutionNode = FALSE
	EndGlobalSection
	GlobalSection(ExtensibilityGlobals) = postSolution
		SolutionGuid = {5E3BECE8-B298-4043-9B28-F82519575321}
	EndGlobalSection
EndGlobal
